
Microsoft Visual Studio Solution File, Format Version 12.00
# Visual Studio Version 16
VisualStudioVersion = 16.0.33027.164
MinimumVisualStudioVersion = 10.0.40219.1
Project("{FAE04EC0-301F-11D3-BF4B-00C04F79EFBC}") = "FluentValidationApp.Web", "FluentValidationApp.Web\FluentValidationApp.Web.csproj", "{DCD4A674-9D49-424B-A8EB-C8EC85EC8DD4}"
EndProject
Global
	GlobalSection(SolutionConfigurationPlatforms) = preSolution
		Debug|Any CPU = Debug|Any CPU
		Release|Any CPU = Release|Any CPU
	EndGlobalSection
	GlobalSection(ProjectConfigurationPlatforms) = postSolution
		{DCD4A674-9D49-424B-A8EB-C8EC85EC8DD4}.Debug|Any CPU.ActiveCfg = Debug|Any CPU
		{DCD4A674-9D49-424B-A8EB-C8EC85EC8DD4}.Debug|Any CPU.Build.0 = Debug|Any CPU
		{DCD4A674-9D49-424B-A8EB-C8EC85EC8DD4}.Release|Any CPU.ActiveCfg = Release|Any CPU
		{DCD4A674-9D49-424B-A8EB-C8EC85EC8DD4}.Release|Any CPU.Build.0 = Release|Any CPU
	EndGlobalSection
	GlobalSection(SolutionProperties) = preSolution
		HideSolutionNode = FALSE
	EndGlobalSection
	GlobalSection(ExtensibilityGlobals) = postSolution
		SolutionGuid = {A2020ABF-0C37-4F68-A7C8-8FFC796BDB33}
	EndGlobalSection
EndGlobal
